
Microsoft Visual Studio Solution File, Format Version 12.00
# Visual Studio 15
VisualStudioVersion = 15.0.28307.168
MinimumVisualStudioVersion = 10.0.40219.1
Project("{FAE04EC0-301F-11D3-BF4B-00C04F79EFBC}") = "BonusApp", "BonusApp\BonusApp.csproj", "{B3D8A2D7-0192-43AD-AFF8-3A36E316D63E}"
EndProject
Project("{FAE04EC0-301F-11D3-BF4B-00C04F79EFBC}") = "UnitTestProject1", "UnitTestProject1\UnitTestProject1.csproj", "{2A49E2EF-A860-4A6F-BBFE-D8BCDAEE7D39}"
EndProject
Global
	GlobalSection(SolutionConfigurationPlatforms) = preSolution
		Debug|Any CPU = Debug|Any CPU
		Release|Any CPU = Release|Any CPU
	EndGlobalSection
	GlobalSection(ProjectConfigurationPlatforms) = postSolution
		{B3D8A2D7-0192-43AD-AFF8-3A36E316D63E}.Debug|Any CPU.ActiveCfg = Debug|Any CPU
		{B3D8A2D7-0192-43AD-AFF8-3A36E316D63E}.Debug|Any CPU.Build.0 = Debug|Any CPU
		{B3D8A2D7-0192-43AD-AFF8-3A36E316D63E}.Release|Any CPU.ActiveCfg = Release|Any CPU
		{B3D8A2D7-0192-43AD-AFF8-3A36E316D63E}.Release|Any CPU.Build.0 = Release|Any CPU
		{2A49E2EF-A860-4A6F-BBFE-D8BCDAEE7D39}.Debug|Any CPU.ActiveCfg = Debug|Any CPU
		{2A49E2EF-A860-4A6F-BBFE-D8BCDAEE7D39}.Debug|Any CPU.Build.0 = Debug|Any CPU
		{2A49E2EF-A860-4A6F-BBFE-D8BCDAEE7D39}.Release|Any CPU.ActiveCfg = Release|Any CPU
		{2A49E2EF-A860-4A6F-BBFE-D8BCDAEE7D39}.Release|Any CPU.Build.0 = Release|Any CPU
	EndGlobalSection
	GlobalSection(SolutionProperties) = preSolution
		HideSolutionNode = FALSE
	EndGlobalSection
	GlobalSection(ExtensibilityGlobals) = postSolution
		SolutionGuid = {6B83F4D2-3A4B-4021-B234-DCB7DF86B0DD}
	EndGlobalSection
EndGlobal
